
Microsoft Visual Studio Solution File, Format Version 12.00
# Visual Studio Version 16
VisualStudioVersion = 16.0.30717.126
MinimumVisualStudioVersion = 10.0.40219.1
Project("{FAE04EC0-301F-11D3-BF4B-00C04F79EFBC}") = "FinalVersion", "FinalVersion\FinalVersion.csproj", "{DC809CFF-5AE5-4095-A8FC-E0EC626F617D}"
EndProject
Global
	GlobalSection(SolutionConfigurationPlatforms) = preSolution
		Debug|Any CPU = Debug|Any CPU
		Release|Any CPU = Release|Any CPU
	EndGlobalSection
	GlobalSection(ProjectConfigurationPlatforms) = postSolution
		{DC809CFF-5AE5-4095-A8FC-E0EC626F617D}.Debug|Any CPU.ActiveCfg = Debug|Any CPU
		{DC809CFF-5AE5-4095-A8FC-E0EC626F617D}.Debug|Any CPU.Build.0 = Debug|Any CPU
		{DC809CFF-5AE5-4095-A8FC-E0EC626F617D}.Release|Any CPU.ActiveCfg = Release|Any CPU
		{DC809CFF-5AE5-4095-A8FC-E0EC626F617D}.Release|Any CPU.Build.0 = Release|Any CPU
	EndGlobalSection
	GlobalSection(SolutionProperties) = preSolution
		HideSolutionNode = FALSE
	EndGlobalSection
	GlobalSection(ExtensibilityGlobals) = postSolution
		SolutionGuid = {79683DCD-7108-4107-83FA-94E3D0085ACE}
	EndGlobalSection
EndGlobal
